
Microsoft Visual Studio Solution File, Format Version 12.00
# Visual Studio 15
VisualStudioVersion = 15.0.28307.421
MinimumVisualStudioVersion = 10.0.40219.1
Project("{FAE04EC0-301F-11D3-BF4B-00C04F79EFBC}") = "CalcApp", "DesktopApp\CalcApp.csproj", "{A9A475B5-76C3-4FC4-AC75-7FD22F14F819}"
EndProject
Global
	GlobalSection(SolutionConfigurationPlatforms) = preSolution
		Debug|Any CPU = Debug|Any CPU
		Release|Any CPU = Release|Any CPU
	EndGlobalSection
	GlobalSection(ProjectConfigurationPlatforms) = postSolution
		{A9A475B5-76C3-4FC4-AC75-7FD22F14F819}.Debug|Any CPU.ActiveCfg = Debug|Any CPU
		{A9A475B5-76C3-4FC4-AC75-7FD22F14F819}.Debug|Any CPU.Build.0 = Debug|Any CPU
		{A9A475B5-76C3-4FC4-AC75-7FD22F14F819}.Release|Any CPU.ActiveCfg = Release|Any CPU
		{A9A475B5-76C3-4FC4-AC75-7FD22F14F819}.Release|Any CPU.Build.0 = Release|Any CPU
	EndGlobalSection
	GlobalSection(SolutionProperties) = preSolution
		HideSolutionNode = FALSE
	EndGlobalSection
	GlobalSection(ExtensibilityGlobals) = postSolution
		SolutionGuid = {C6239ACF-9A89-43A6-9B19-021FAC6EC9DF}
	EndGlobalSection
EndGlobal
